
Microsoft Visual Studio Solution File, Format Version 12.00
# Visual Studio Version 16
VisualStudioVersion = 16.0.29728.190
MinimumVisualStudioVersion = 10.0.40219.1
Project("{9A19103F-16F7-4668-BE54-9A1E7A4F7556}") = "CO453_ConsoleApp2020", "CO453_ConsoleApp2020\CO453_ConsoleApp2020.csproj", "{AC7D113A-A202-45F2-B4BB-08D90C76ECF8}"
EndProject
Project("{9A19103F-16F7-4668-BE54-9A1E7A4F7556}") = "NUnitTests", "NUnitTests\NUnitTests.csproj", "{B5EEA1C7-C6FD-44EE-AD30-5B2ADC967110}"
EndProject
Project("{FAE04EC0-301F-11D3-BF4B-00C04F79EFBC}") = "MS_UnitTests", "MS_UnitTests\MS_UnitTests.csproj", "{92AED1E9-69E8-4EC7-BC48-2198430A06CE}"
EndProject
Global
	GlobalSection(SolutionConfigurationPlatforms) = preSolution
		Debug|Any CPU = Debug|Any CPU
		Release|Any CPU = Release|Any CPU
	EndGlobalSection
	GlobalSection(ProjectConfigurationPlatforms) = postSolution
		{AC7D113A-A202-45F2-B4BB-08D90C76ECF8}.Debug|Any CPU.ActiveCfg = Debug|Any CPU
		{AC7D113A-A202-45F2-B4BB-08D90C76ECF8}.Debug|Any CPU.Build.0 = Debug|Any CPU
		{AC7D113A-A202-45F2-B4BB-08D90C76ECF8}.Release|Any CPU.ActiveCfg = Release|Any CPU
		{AC7D113A-A202-45F2-B4BB-08D90C76ECF8}.Release|Any CPU.Build.0 = Release|Any CPU
		{B5EEA1C7-C6FD-44EE-AD30-5B2ADC967110}.Debug|Any CPU.ActiveCfg = Debug|Any CPU
		{B5EEA1C7-C6FD-44EE-AD30-5B2ADC967110}.Debug|Any CPU.Build.0 = Debug|Any CPU
		{B5EEA1C7-C6FD-44EE-AD30-5B2ADC967110}.Release|Any CPU.ActiveCfg = Release|Any CPU
		{B5EEA1C7-C6FD-44EE-AD30-5B2ADC967110}.Release|Any CPU.Build.0 = Release|Any CPU
		{92AED1E9-69E8-4EC7-BC48-2198430A06CE}.Debug|Any CPU.ActiveCfg = Debug|Any CPU
		{92AED1E9-69E8-4EC7-BC48-2198430A06CE}.Debug|Any CPU.Build.0 = Debug|Any CPU
		{92AED1E9-69E8-4EC7-BC48-2198430A06CE}.Release|Any CPU.ActiveCfg = Release|Any CPU
		{92AED1E9-69E8-4EC7-BC48-2198430A06CE}.Release|Any CPU.Build.0 = Release|Any CPU
	EndGlobalSection
	GlobalSection(SolutionProperties) = preSolution
		HideSolutionNode = FALSE
	EndGlobalSection
	GlobalSection(ExtensibilityGlobals) = postSolution
		SolutionGuid = {21F14636-44E9-468F-BC37-ADABB7E6EB69}
	EndGlobalSection
EndGlobal
